<Solution>
  <Folder Name="/src/">
    <Project Path="src/Elwood.Cli/Elwood.Cli.csproj" />
    <Project Path="src/Elwood.Core/Elwood.Core.csproj" />
    <Project Path="src/Elwood.Json/Elwood.Json.csproj" />
    <Project Path="src/Elwood.Newtonsoft/Elwood.Newtonsoft.csproj" />
  </Folder>
  <Folder Name="/tests/">
    <Project Path="tests/Elwood.Core.Tests/Elwood.Core.Tests.csproj" />
  </Folder>
</Solution>
